
Microsoft Visual Studio Solution File, Format Version 12.00
# Visual Studio Version 16
VisualStudioVersion = 16.0.29306.81
MinimumVisualStudioVersion = 10.0.40219.1
Project("{9A19103F-16F7-4668-BE54-9A1E7A4F7556}") = "SINAVCALISMASI", "SINAVCALISMASI\SINAVCALISMASI.csproj", "{69CA27FC-EF77-46A1-9626-BDEC1F124ECA}"
EndProject
Global
	GlobalSection(SolutionConfigurationPlatforms) = preSolution
		Debug|Any CPU = Debug|Any CPU
		Release|Any CPU = Release|Any CPU
	EndGlobalSection
	GlobalSection(ProjectConfigurationPlatforms) = postSolution
		{69CA27FC-EF77-46A1-9626-BDEC1F124ECA}.Debug|Any CPU.ActiveCfg = Debug|Any CPU
		{69CA27FC-EF77-46A1-9626-BDEC1F124ECA}.Debug|Any CPU.Build.0 = Debug|Any CPU
		{69CA27FC-EF77-46A1-9626-BDEC1F124ECA}.Release|Any CPU.ActiveCfg = Release|Any CPU
		{69CA27FC-EF77-46A1-9626-BDEC1F124ECA}.Release|Any CPU.Build.0 = Release|Any CPU
	EndGlobalSection
	GlobalSection(SolutionProperties) = preSolution
		HideSolutionNode = FALSE
	EndGlobalSection
	GlobalSection(ExtensibilityGlobals) = postSolution
		SolutionGuid = {38BA582B-9D99-44A9-944C-6A3A45774DE3}
	EndGlobalSection
EndGlobal
